// !$*UTF8*$!
{
	archiveVersion = 1;
	classes = {
	};
	objectVersion = 77;
	objects = {

/* Begin PBXContainerItemProxy section */
		6185FFDA2D58EC6C00050EB2 /* PBXContainerItemProxy */ = {
			isa = PBXContainerItemProxy;
			containerPortal = 6185FFC12D58EC6A00050EB2 /* Project object */;
			proxyType = 1;
			remoteGlobalIDString = 6185FFC82D58EC6A00050EB2;
			remoteInfo = nibble2;
		};
		6185FFE42D58EC6C00050EB2 /* PBXContainerItemProxy */ = {
			isa = PBXContainerItemProxy;
			containerPortal = 6185FFC12D58EC6A00050EB2 /* Project object */;
			proxyType = 1;
			remoteGlobalIDString = 6185FFC82D58EC6A00050EB2;
			remoteInfo = nibble2;
		};
/* End PBXContainerItemProxy section */

/* Begin PBXFileReference section */
		6185FFC92D58EC6A00050EB2 /* nibble2.app */ = {isa = PBXFileReference; explicitFileType = wrapper.application; includeInIndex = 0; path = nibble2.app; sourceTree = BUILT_PRODUCTS_DIR; };
		6185FFD92D58EC6C00050EB2 /* nibble2Tests.xctest */ = {isa = PBXFileReference; explicitFileType = wrapper.cfbundle; includeInIndex = 0; path = nibble2Tests.xctest; sourceTree = BUILT_PRODUCTS_DIR; };
		6185FFE32D58EC6C00050EB2 /* nibble2UITests.xctest */ = {isa = PBXFileReference; explicitFileType = wrapper.cfbundle; includeInIndex = 0; path = nibble2UITests.xctest; sourceTree = BUILT_PRODUCTS_DIR; };
/* End PBXFileReference section */

/* Begin PBXFileSystemSynchronizedBuildFileExceptionSet section */
		61333F5C2D591F910084B193 /* Exceptions for "nibble2" folder in "nibble2" target */ = {
			isa = PBXFileSystemSynchronizedBuildFileExceptionSet;
			membershipExceptions = (
				Info.plist,
			);
			target = 6185FFC82D58EC6A00050EB2 /* nibble2 */;
		};
/* End PBXFileSystemSynchronizedBuildFileExceptionSet section */

/* Begin PBXFileSystemSynchronizedRootGroup section */
		6185FFCB2D58EC6A00050EB2 /* nibble2 */ = {
			isa = PBXFileSystemSynchronizedRootGroup;
			exceptions = (
				61333F5C2D591F910084B193 /* Exceptions for "nibble2" folder in "nibble2" target */,
			);
			path = nibble2;
			sourceTree = "<group>";
		};
		6185FFDC2D58EC6C00050EB2 /* nibble2Tests */ = {
			isa = PBXFileSystemSynchronizedRootGroup;
			path = nibble2Tests;
			sourceTree = "<group>";
		};
		6185FFE62D58EC6C00050EB2 /* nibble2UITests */ = {
			isa = PBXFileSystemSynchronizedRootGroup;
			path = nibble2UITests;
			sourceTree = "<group>";
		};
/* End PBXFileSystemSynchronizedRootGroup section */

/* Begin PBXFrameworksBuildPhase section */
		6185FFC62D58EC6A00050EB2 /* Frameworks */ = {
			isa = PBXFrameworksBuildPhase;
			buildActionMask = 2147483647;
			files = (
			);
			runOnlyForDeploymentPostprocessing = 0;
		};
		6185FFD62D58EC6C00050EB2 /* Frameworks */ = {
			isa = PBXFrameworksBuildPhase;
			buildActionMask = 2147483647;
			files = (
			);
			runOnlyForDeploymentPostprocessing = 0;
		};
		6185FFE02D58EC6C00050EB2 /* Frameworks */ = {
			isa = PBXFrameworksBuildPhase;
			buildActionMask = 2147483647;
			files = (
			);
			runOnlyForDeploymentPostprocessing = 0;
		};
/* End PBXFrameworksBuildPhase section */

/* Begin PBXGroup section */
		6185FFC02D58EC6A00050EB2 = {
			isa = PBXGroup;
			children = (
				6185FFCB2D58EC6A00050EB2 /* nibble2 */,
				6185FFDC2D58EC6C00050EB2 /* nibble2Tests */,
				6185FFE62D58EC6C00050EB2 /* nibble2UITests */,
				6185FFCA2D58EC6A00050EB2 /* Products */,
			);
			sourceTree = "<group>";
		};
		6185FFCA2D58EC6A00050EB2 /* Products */ = {
			isa = PBXGroup;
			children = (
				6185FFC92D58EC6A00050EB2 /* nibble2.app */,
				6185FFD92D58EC6C00050EB2 /* nibble2Tests.xctest */,
				6185FFE32D58EC6C00050EB2 /* nibble2UITests.xctest */,
			);
			name = Products;
			sourceTree = "<group>";
		};
/* End PBXGroup section */

/* Begin PBXNativeTarget section */
		6185FFC82D58EC6A00050EB2 /* nibble2 */ = {
			isa = PBXNativeTarget;
			buildConfigurationList = 6185FFED2D58EC6C00050EB2 /* Build configuration list for PBXNativeTarget "nibble2" */;
			buildPhases = (
				6185FFC52D58EC6A00050EB2 /* Sources */,
				6185FFC62D58EC6A00050EB2 /* Frameworks */,
				6185FFC72D58EC6A00050EB2 /* Resources */,
			);
			buildRules = (
			);
			dependencies = (
			);
			fileSystemSynchronizedGroups = (
				6185FFCB2D58EC6A00050EB2 /* nibble2 */,
			);
			name = nibble2;
			packageProductDependencies = (
			);
			productName = nibble2;
			productReference = 6185FFC92D58EC6A00050EB2 /* nibble2.app */;
			productType = "com.apple.product-type.application";
		};
		6185FFD82D58EC6C00050EB2 /* nibble2Tests */ = {
			isa = PBXNativeTarget;
			buildConfigurationList = 6185FFF02D58EC6C00050EB2 /* Build configuration list for PBXNativeTarget "nibble2Tests" */;
			buildPhases = (
				6185FFD52D58EC6C00050EB2 /* Sources */,
				6185FFD62D58EC6C00050EB2 /* Frameworks */,
				6185FFD72D58EC6C00050EB2 /* Resources */,
			);
			buildRules = (
			);
			dependencies = (
				6185FFDB2D58EC6C00050EB2 /* PBXTargetDependency */,
			);
			fileSystemSynchronizedGroups = (
				6185FFDC2D58EC6C00050EB2 /* nibble2Tests */,
			);
			name = nibble2Tests;
			packageProductDependencies = (
			);
			productName = nibble2Tests;
			productReference = 6185FFD92D58EC6C00050EB2 /* nibble2Tests.xctest */;
			productType = "com.apple.product-type.bundle.unit-test";
		};
		6185FFE22D58EC6C00050EB2 /* nibble2UITests */ = {
			isa = PBXNativeTarget;
			buildConfigurationList = 6185FFF32D58EC6C00050EB2 /* Build configuration list for PBXNativeTarget "nibble2UITests" */;
			buildPhases = (
				6185FFDF2D58EC6C00050EB2 /* Sources */,
				6185FFE02D58EC6C00050EB2 /* Frameworks */,
				6185FFE12D58EC6C00050EB2 /* Resources */,
			);
			buildRules = (
			);
			dependencies = (
				6185FFE52D58EC6C00050EB2 /* PBXTargetDependency */,
			);
			fileSystemSynchronizedGroups = (
				6185FFE62D58EC6C00050EB2 /* nibble2UITests */,
			);
			name = nibble2UITests;
			packageProductDependencies = (
			);
			productName = nibble2UITests;
			productReference = 6185FFE32D58EC6C00050EB2 /* nibble2UITests.xctest */;
			productType = "com.apple.product-type.bundle.ui-testing";
		};
/* End PBXNativeTarget section */

/* Begin PBXProject section */
		6185FFC12D58EC6A00050EB2 /* Project object */ = {
			isa = PBXProject;
			attributes = {
				BuildIndependentTargetsInParallel = 1;
				LastSwiftUpdateCheck = 1620;
				LastUpgradeCheck = 1620;
				TargetAttributes = {
					6185FFC82D58EC6A00050EB2 = {
						CreatedOnToolsVersion = 16.2;
					};
					6185FFD82D58EC6C00050EB2 = {
						CreatedOnToolsVersion = 16.2;
						TestTargetID = 6185FFC82D58EC6A00050EB2;
					};
					6185FFE22D58EC6C00050EB2 = {
						CreatedOnToolsVersion = 16.2;
						TestTargetID = 6185FFC82D58EC6A00050EB2;
					};
				};
			};
			buildConfigurationList = 6185FFC42D58EC6A00050EB2 /* Build configuration list for PBXProject "nibble2" */;
			developmentRegion = en;
			hasScannedForEncodings = 0;
			knownRegions = (
				en,
				Base,
			);
			mainGroup = 6185FFC02D58EC6A00050EB2;
			minimizedProjectReferenceProxies = 1;
			preferredProjectObjectVersion = 77;
			productRefGroup = 6185FFCA2D58EC6A00050EB2 /* Products */;
			projectDirPath = "";
			projectRoot = "";
			targets = (
				6185FFC82D58EC6A00050EB2 /* nibble2 */,
				6185FFD82D58EC6C00050EB2 /* nibble2Tests */,
				6185FFE22D58EC6C00050EB2 /* nibble2UITests */,
			);
		};
/* End PBXProject section */

/* Begin PBXResourcesBuildPhase section */
		6185FFC72D58EC6A00050EB2 /* Resources */ = {
			isa = PBXResourcesBuildPhase;
			buildActionMask = 2147483647;
			files = (
			);
			runOnlyForDeploymentPostprocessing = 0;
		};
		6185FFD72D58EC6C00050EB2 /* Resources */ = {
			isa = PBXResourcesBuildPhase;
			buildActionMask = 2147483647;
			files = (
			);
			runOnlyForDeploymentPostprocessing = 0;
		};
		6185FFE12D58EC6C00050EB2 /* Resources */ = {
			isa = PBXResourcesBuildPhase;
			buildActionMask = 2147483647;
			files = (
			);
			runOnlyForDeploymentPostprocessing = 0;
		};
/* End PBXResourcesBuildPhase section */

/* Begin PBXSourcesBuildPhase section */
		6185FFC52D58EC6A00050EB2 /* Sources */ = {
			isa = PBXSourcesBuildPhase;
			buildActionMask = 2147483647;
			files = (
			);
			runOnlyForDeploymentPostprocessing = 0;
		};
		6185FFD52D58EC6C00050EB2 /* Sources */ = {
			isa = PBXSourcesBuildPhase;
			buildActionMask = 2147483647;
			files = (
			);
			runOnlyForDeploymentPostprocessing = 0;
		};
		6185FFDF2D58EC6C00050EB2 /* Sources */ = {
			isa = PBXSourcesBuildPhase;
			buildActionMask = 2147483647;
			files = (
			);
			runOnlyForDeploymentPostprocessing = 0;
		};
/* End PBXSourcesBuildPhase section */

/* Begin PBXTargetDependency section */
		6185FFDB2D58EC6C00050EB2 /* PBXTargetDependency */ = {
			isa = PBXTargetDependency;
			target = 6185FFC82D58EC6A00050EB2 /* nibble2 */;
			targetProxy = 6185FFDA2D58EC6C00050EB2 /* PBXContainerItemProxy */;
		};
		6185FFE52D58EC6C00050EB2 /* PBXTargetDependency */ = {
			isa = PBXTargetDependency;
			target = 6185FFC82D58EC6A00050EB2 /* nibble2 */;
			targetProxy = 6185FFE42D58EC6C00050EB2 /* PBXContainerItemProxy */;
		};
/* End PBXTargetDependency section */

/* Begin XCBuildConfiguration section */
		6185FFEB2D58EC6C00050EB2 /* Debug */ = {
			isa = XCBuildConfiguration;
			buildSettings = {
				ALWAYS_SEARCH_USER_PATHS = NO;
				ASSETCATALOG_COMPILER_GENERATE_SWIFT_ASSET_SYMBOL_EXTENSIONS = YES;
				CLANG_ANALYZER_NONNULL = YES;
				CLANG_ANALYZER_NUMBER_OBJECT_CONVERSION = YES_AGGRESSIVE;
				CLANG_CXX_LANGUAGE_STANDARD = "gnu++20";
				CLANG_ENABLE_MODULES = YES;
				CLANG_ENABLE_OBJC_ARC = YES;
				CLANG_ENABLE_OBJC_WEAK = YES;
				CLANG_WARN_BLOCK_CAPTURE_AUTORELEASING = YES;
				CLANG_WARN_BOOL_CONVERSION = YES;
				CLANG_WARN_COMMA = YES;
				CLANG_WARN_CONSTANT_CONVERSION = YES;
				CLANG_WARN_DEPRECATED_OBJC_IMPLEMENTATIONS = YES;
				CLANG_WARN_DIRECT_OBJC_ISA_USAGE = YES_ERROR;
				CLANG_WARN_DOCUMENTATION_COMMENTS = YES;
				CLANG_WARN_EMPTY_BODY = YES;
				CLANG_WARN_ENUM_CONVERSION = YES;
				CLANG_WARN_INFINITE_RECURSION = YES;
				CLANG_WARN_INT_CONVERSION = YES;
				CLANG_WARN_NON_LITERAL_NULL_CONVERSION = YES;
				CLANG_WARN_OBJC_IMPLICIT_RETAIN_SELF = YES;
				CLANG_WARN_OBJC_LITERAL_CONVERSION = YES;
				CLANG_WARN_OBJC_ROOT_CLASS = YES_ERROR;
				CLANG_WARN_QUOTED_INCLUDE_IN_FRAMEWORK_HEADER = YES;
				CLANG_WARN_RANGE_LOOP_ANALYSIS = YES;
				CLANG_WARN_STRICT_PROTOTYPES = YES;
				CLANG_WARN_SUSPICIOUS_MOVE = YES;
				CLANG_WARN_UNGUARDED_AVAILABILITY = YES_AGGRESSIVE;
				CLANG_WARN_UNREACHABLE_CODE = YES;
				CLANG_WARN__DUPLICATE_METHOD_MATCH = YES;
				COPY_PHASE_STRIP = NO;
				DEBUG_INFORMATION_FORMAT = dwarf;
				ENABLE_STRICT_OBJC_MSGSEND = YES;
				ENABLE_TESTABILITY = YES;
				ENABLE_USER_SCRIPT_SANDBOXING = YES;
				GCC_C_LANGUAGE_STANDARD = gnu17;
				GCC_DYNAMIC_NO_PIC = NO;
				GCC_NO_COMMON_BLOCKS = YES;
				GCC_OPTIMIZATION_LEVEL = 0;
				GCC_PREPROCESSOR_DEFINITIONS = (
					"DEBUG=1",
					"$(inherited)",
				);
				GCC_WARN_64_TO_32_BIT_CONVERSION = YES;
				GCC_WARN_ABOUT_RETURN_TYPE = YES_ERROR;
				GCC_WARN_UNDECLARED_SELECTOR = YES;
				GCC_WARN_UNINITIALIZED_AUTOS = YES_AGGRESSIVE;
				GCC_WARN_UNUSED_FUNCTION = YES;
				GCC_WARN_UNUSED_VARIABLE = YES;
				IPHONEOS_DEPLOYMENT_TARGET = 18.2;
				LOCALIZATION_PREFERS_STRING_CATALOGS = YES;
				MTL_ENABLE_DEBUG_INFO = INCLUDE_SOURCE;
				MTL_FAST_MATH = YES;
				ONLY_ACTIVE_ARCH = YES;
				SDKROOT = iphoneos;
				SWIFT_ACTIVE_COMPILATION_CONDITIONS = "DEBUG $(inherited)";
				SWIFT_OPTIMIZATION_LEVEL = "-Onone";
			};
			name = Debug;
		};
		6185FFEC2D58EC6C00050EB2 /* Release */ = {
			isa = XCBuildConfiguration;
			buildSettings = {
				ALWAYS_SEARCH_USER_PATHS = NO;
				ASSETCATALOG_COMPILER_GENERATE_SWIFT_ASSET_SYMBOL_EXTENSIONS = YES;
				CLANG_ANALYZER_NONNULL = YES;
				CLANG_ANALYZER_NUMBER_OBJECT_CONVERSION = YES_AGGRESSIVE;
				CLANG_CXX_LANGUAGE_STANDARD = "gnu++20";
				CLANG_ENABLE_MODULES = YES;
				CLANG_ENABLE_OBJC_ARC = YES;
				CLANG_ENABLE_OBJC_WEAK = YES;
				CLANG_WARN_BLOCK_CAPTURE_AUTORELEASING = YES;
				CLANG_WARN_BOOL_CONVERSION = YES;
				CLANG_WARN_COMMA = YES;
				CLANG_WARN_CONSTANT_CONVERSION = YES;
				CLANG_WARN_DEPRECATED_OBJC_IMPLEMENTATIONS = YES;
				CLANG_WARN_DIRECT_OBJC_ISA_USAGE = YES_ERROR;
				CLANG_WARN_DOCUMENTATION_COMMENTS = YES;
				CLANG_WARN_EMPTY_BODY = YES;
				CLANG_WARN_ENUM_CONVERSION = YES;
				CLANG_WARN_INFINITE_RECURSION = YES;
				CLANG_WARN_INT_CONVERSION = YES;
				CLANG_WARN_NON_LITERAL_NULL_CONVERSION = YES;
				CLANG_WARN_OBJC_IMPLICIT_RETAIN_SELF = YES;
				CLANG_WARN_OBJC_LITERAL_CONVERSION = YES;
				CLANG_WARN_OBJC_ROOT_CLASS = YES_ERROR;
				CLANG_WARN_QUOTED_INCLUDE_IN_FRAMEWORK_HEADER = YES;
				CLANG_WARN_RANGE_LOOP_ANALYSIS = YES;
				CLANG_WARN_STRICT_PROTOTYPES = YES;
				CLANG_WARN_SUSPICIOUS_MOVE = YES;
				CLANG_WARN_UNGUARDED_AVAILABILITY = YES_AGGRESSIVE;
				CLANG_WARN_UNREACHABLE_CODE = YES;
				CLANG_WARN__DUPLICATE_METHOD_MATCH = YES;
				COPY_PHASE_STRIP = NO;
				DEBUG_INFORMATION_FORMAT = "dwarf-with-dsym";
				ENABLE_NS_ASSERTIONS = NO;
				ENABLE_STRICT_OBJC_MSGSEND = YES;
				ENABLE_USER_SCRIPT_SANDBOXING = YES;
				GCC_C_LANGUAGE_STANDARD = gnu17;
				GCC_NO_COMMON_BLOCKS = YES;
				GCC_WARN_64_TO_32_BIT_CONVERSION = YES;
				GCC_WARN_ABOUT_RETURN_TYPE = YES_ERROR;
				GCC_WARN_UNDECLARED_SELECTOR = YES;
				GCC_WARN_UNINITIALIZED_AUTOS = YES_AGGRESSIVE;
				GCC_WARN_UNUSED_FUNCTION = YES;
				GCC_WARN_UNUSED_VARIABLE = YES;
				IPHONEOS_DEPLOYMENT_TARGET = 18.2;
				LOCALIZATION_PREFERS_STRING_CATALOGS = YES;
				MTL_ENABLE_DEBUG_INFO = NO;
				MTL_FAST_MATH = YES;
				SDKROOT = iphoneos;
				SWIFT_COMPILATION_MODE = wholemodule;
				VALIDATE_PRODUCT = YES;
			};
			name = Release;
		};
		6185FFEE2D58EC6C00050EB2 /* Debug */ = {
			isa = XCBuildConfiguration;
			buildSettings = {
				ASSETCATALOG_COMPILER_APPICON_NAME = AppIcon;
				ASSETCATALOG_COMPILER_GLOBAL_ACCENT_COLOR_NAME = AccentColor;
				CODE_SIGN_STYLE = Automatic;
				CURRENT_PROJECT_VERSION = 1;
				DEVELOPMENT_ASSET_PATHS = "\"nibble2/Preview Content\"";
				DEVELOPMENT_TEAM = NV82GG372U;
				ENABLE_PREVIEWS = YES;
				GENERATE_INFOPLIST_FILE = YES;
				INFOPLIST_FILE = nibble2/Info.plist;
				INFOPLIST_KEY_UIApplicationSceneManifest_Generation = YES;
				INFOPLIST_KEY_UIApplicationSupportsIndirectInputEvents = YES;
				INFOPLIST_KEY_UILaunchScreen_Generation = YES;
				INFOPLIST_KEY_UISupportedInterfaceOrientations_iPad = "UIInterfaceOrientationPortrait UIInterfaceOrientationPortraitUpsideDown UIInterfaceOrientationLandscapeLeft UIInterfaceOrientationLandscapeRight";
				INFOPLIST_KEY_UISupportedInterfaceOrientations_iPhone = "UIInterfaceOrientationPortrait UIInterfaceOrientationLandscapeLeft UIInterfaceOrientationLandscapeRight";
				LD_RUNPATH_SEARCH_PATHS = (
					"$(inherited)",
					"@executable_path/Frameworks",
				);
				MARKETING_VERSION = 1.0;
				PRODUCT_BUNDLE_IDENTIFIER = one.moiz.nibble2;
				PRODUCT_NAME = "$(TARGET_NAME)";
				SWIFT_EMIT_LOC_STRINGS = YES;
				SWIFT_VERSION = 5.0;
				TARGETED_DEVICE_FAMILY = "1,2";
			};
			name = Debug;
		};
		6185FFEF2D58EC6C00050EB2 /* Release */ = {
			isa = XCBuildConfiguration;
			buildSettings = {
				ASSETCATALOG_COMPILER_APPICON_NAME = AppIcon;
				ASSETCATALOG_COMPILER_GLOBAL_ACCENT_COLOR_NAME = AccentColor;
				CODE_SIGN_STYLE = Automatic;
				CURRENT_PROJECT_VERSION = 1;
				DEVELOPMENT_ASSET_PATHS = "\"nibble2/Preview Content\"";
				DEVELOPMENT_TEAM = NV82GG372U;
				ENABLE_PREVIEWS = YES;
				GENERATE_INFOPLIST_FILE = YES;
				INFOPLIST_FILE = nibble2/Info.plist;
				INFOPLIST_KEY_UIApplicationSceneManifest_Generation = YES;
				INFOPLIST_KEY_UIApplicationSupportsIndirectInputEvents = YES;
				INFOPLIST_KEY_UILaunchScreen_Generation = YES;
				INFOPLIST_KEY_UISupportedInterfaceOrientations_iPad = "UIInterfaceOrientationPortrait UIInterfaceOrientationPortraitUpsideDown UIInterfaceOrientationLandscapeLeft UIInterfaceOrientationLandscapeRight";
				INFOPLIST_KEY_UISupportedInterfaceOrientations_iPhone = "UIInterfaceOrientationPortrait UIInterfaceOrientationLandscapeLeft UIInterfaceOrientationLandscapeRight";
				LD_RUNPATH_SEARCH_PATHS = (
					"$(inherited)",
					"@executable_path/Frameworks",
				);
				MARKETING_VERSION = 1.0;
				PRODUCT_BUNDLE_IDENTIFIER = one.moiz.nibble2;
				PRODUCT_NAME = "$(TARGET_NAME)";
				SWIFT_EMIT_LOC_STRINGS = YES;
				SWIFT_VERSION = 5.0;
				TARGETED_DEVICE_FAMILY = "1,2";
			};
			name = Release;
		};
		6185FFF12D58EC6C00050EB2 /* Debug */ = {
			isa = XCBuildConfiguration;
			buildSettings = {
				BUNDLE_LOADER = "$(TEST_HOST)";
				CODE_SIGN_STYLE = Automatic;
				CURRENT_PROJECT_VERSION = 1;
				GENERATE_INFOPLIST_FILE = YES;
				IPHONEOS_DEPLOYMENT_TARGET = 18.2;
				MARKETING_VERSION = 1.0;
				PRODUCT_BUNDLE_IDENTIFIER = one.moiz.nibble2Tests;
				PRODUCT_NAME = "$(TARGET_NAME)";
				SWIFT_EMIT_LOC_STRINGS = NO;
				SWIFT_VERSION = 5.0;
				TARGETED_DEVICE_FAMILY = "1,2";
				TEST_HOST = "$(BUILT_PRODUCTS_DIR)/nibble2.app/$(BUNDLE_EXECUTABLE_FOLDER_PATH)/nibble2";
			};
			name = Debug;
		};
		6185FFF22D58EC6C00050EB2 /* Release */ = {
			isa = XCBuildConfiguration;
			buildSettings = {
				BUNDLE_LOADER = "$(TEST_HOST)";
				CODE_SIGN_STYLE = Automatic;
				CURRENT_PROJECT_VERSION = 1;
				GENERATE_INFOPLIST_FILE = YES;
				IPHONEOS_DEPLOYMENT_TARGET = 18.2;
				MARKETING_VERSION = 1.0;
				PRODUCT_BUNDLE_IDENTIFIER = one.moiz.nibble2Tests;
				PRODUCT_NAME = "$(TARGET_NAME)";
				SWIFT_EMIT_LOC_STRINGS = NO;
				SWIFT_VERSION = 5.0;
				TARGETED_DEVICE_FAMILY = "1,2";
				TEST_HOST = "$(BUILT_PRODUCTS_DIR)/nibble2.app/$(BUNDLE_EXECUTABLE_FOLDER_PATH)/nibble2";
			};
			name = Release;
		};
		6185FFF42D58EC6C00050EB2 /* Debug */ = {
			isa = XCBuildConfiguration;
			buildSettings = {
				CODE_SIGN_STYLE = Automatic;
				CURRENT_PROJECT_VERSION = 1;
				GENERATE_INFOPLIST_FILE = YES;
				MARKETING_VERSION = 1.0;
				PRODUCT_BUNDLE_IDENTIFIER = one.moiz.nibble2UITests;
				PRODUCT_NAME = "$(TARGET_NAME)";
				SWIFT_EMIT_LOC_STRINGS = NO;
				SWIFT_VERSION = 5.0;
				TARGETED_DEVICE_FAMILY = "1,2";
				TEST_TARGET_NAME = nibble2;
			};
			name = Debug;
		};
		6185FFF52D58EC6C00050EB2 /* Release */ = {
			isa = XCBuildConfiguration;
			buildSettings = {
				CODE_SIGN_STYLE = Automatic;
				CURRENT_PROJECT_VERSION = 1;
				GENERATE_INFOPLIST_FILE = YES;
				MARKETING_VERSION = 1.0;
				PRODUCT_BUNDLE_IDENTIFIER = one.moiz.nibble2UITests;
				PRODUCT_NAME = "$(TARGET_NAME)";
				SWIFT_EMIT_LOC_STRINGS = NO;
				SWIFT_VERSION = 5.0;
				TARGETED_DEVICE_FAMILY = "1,2";
				TEST_TARGET_NAME = nibble2;
			};
			name = Release;
		};
/* End XCBuildConfiguration section */

/* Begin XCConfigurationList section */
		6185FFC42D58EC6A00050EB2 /* Build configuration list for PBXProject "nibble2" */ = {
			isa = XCConfigurationList;
			buildConfigurations = (
				6185FFEB2D58EC6C00050EB2 /* Debug */,
				6185FFEC2D58EC6C00050EB2 /* Release */,
			);
			defaultConfigurationIsVisible = 0;
			defaultConfigurationName = Release;
		};
		6185FFED2D58EC6C00050EB2 /* Build configuration list for PBXNativeTarget "nibble2" */ = {
			isa = XCConfigurationList;
			buildConfigurations = (
				6185FFEE2D58EC6C00050EB2 /* Debug */,
				6185FFEF2D58EC6C00050EB2 /* Release */,
			);
			defaultConfigurationIsVisible = 0;
			defaultConfigurationName = Release;
		};
		6185FFF02D58EC6C00050EB2 /* Build configuration list for PBXNativeTarget "nibble2Tests" */ = {
			isa = XCConfigurationList;
			buildConfigurations = (
				6185FFF12D58EC6C00050EB2 /* Debug */,
				6185FFF22D58EC6C00050EB2 /* Release */,
			);
			defaultConfigurationIsVisible = 0;
			defaultConfigurationName = Release;
		};
		6185FFF32D58EC6C00050EB2 /* Build configuration list for PBXNativeTarget "nibble2UITests" */ = {
			isa = XCConfigurationList;
			buildConfigurations = (
				6185FFF42D58EC6C00050EB2 /* Debug */,
				6185FFF52D58EC6C00050EB2 /* Release */,
			);
			defaultConfigurationIsVisible = 0;
			defaultConfigurationName = Release;
		};
/* End XCConfigurationList section */
	};
	rootObject = 6185FFC12D58EC6A00050EB2 /* Project object */;
}
